
Microsoft Visual Studio Solution File, Format Version 12.00
# Visual Studio Version 17
VisualStudioVersion = 17.8.34322.80
MinimumVisualStudioVersion = 10.0.40219.1
Project("{8BC9CEB8-8B4A-11D0-8D11-00A0C91BC942}") = "RemoteCtrl", "RemoteCtrl\RemoteCtrl.vcxproj", "{6FE4006C-BCEE-4F23-A6C1-9A01E27634C0}"
EndProject
Project("{8BC9CEB8-8B4A-11D0-8D11-00A0C91BC942}") = "RemoteClient", "RemoteClient\RemoteClient.vcxproj", "{801DB628-3F98-4F31-BD23-9B839AFDE6F3}"
EndProject
Global
	GlobalSection(SolutionConfigurationPlatforms) = preSolution
		Debug|x64 = Debug|x64
		Debug|x86 = Debug|x86
		Release|x64 = Release|x64
		Release|x86 = Release|x86
	EndGlobalSection
	GlobalSection(ProjectConfigurationPlatforms) = postSolution
		{6FE4006C-BCEE-4F23-A6C1-9A01E27634C0}.Debug|x64.ActiveCfg = Debug|x64
		{6FE4006C-BCEE-4F23-A6C1-9A01E27634C0}.Debug|x64.Build.0 = Debug|x64
		{6FE4006C-BCEE-4F23-A6C1-9A01E27634C0}.Debug|x86.ActiveCfg = Debug|Win32
		{6FE4006C-BCEE-4F23-A6C1-9A01E27634C0}.Debug|x86.Build.0 = Debug|Win32
		{6FE4006C-BCEE-4F23-A6C1-9A01E27634C0}.Release|x64.ActiveCfg = Release|x64
		{6FE4006C-BCEE-4F23-A6C1-9A01E27634C0}.Release|x64.Build.0 = Release|x64
		{6FE4006C-BCEE-4F23-A6C1-9A01E27634C0}.Release|x86.ActiveCfg = Release|Win32
		{6FE4006C-BCEE-4F23-A6C1-9A01E27634C0}.Release|x86.Build.0 = Release|Win32
		{801DB628-3F98-4F31-BD23-9B839AFDE6F3}.Debug|x64.ActiveCfg = Debug|x64
		{801DB628-3F98-4F31-BD23-9B839AFDE6F3}.Debug|x64.Build.0 = Debug|x64
		{801DB628-3F98-4F31-BD23-9B839AFDE6F3}.Debug|x86.ActiveCfg = Debug|Win32
		{801DB628-3F98-4F31-BD23-9B839AFDE6F3}.Debug|x86.Build.0 = Debug|Win32
		{801DB628-3F98-4F31-BD23-9B839AFDE6F3}.Release|x64.ActiveCfg = Release|x64
		{801DB628-3F98-4F31-BD23-9B839AFDE6F3}.Release|x64.Build.0 = Release|x64
		{801DB628-3F98-4F31-BD23-9B839AFDE6F3}.Release|x86.ActiveCfg = Release|Win32
		{801DB628-3F98-4F31-BD23-9B839AFDE6F3}.Release|x86.Build.0 = Release|Win32
	EndGlobalSection
	GlobalSection(SolutionProperties) = preSolution
		HideSolutionNode = FALSE
	EndGlobalSection
	GlobalSection(ExtensibilityGlobals) = postSolution
		SolutionGuid = {155544D6-C497-4600-BCD4-61179005971C}
	EndGlobalSection
EndGlobal
